
Microsoft Visual Studio Solution File, Format Version 12.00
Project("{FAE04EC0-301F-11D3-BF4B-00C04F79EFBC}") = "TestTasks", "TestTasks\TestTasks.csproj", "{EE33070C-4801-4F41-BD3C-4DDF2CAA49F1}"
EndProject
Global
	GlobalSection(SolutionConfigurationPlatforms) = preSolution
		Debug|Any CPU = Debug|Any CPU
		Release|Any CPU = Release|Any CPU
	EndGlobalSection
	GlobalSection(ProjectConfigurationPlatforms) = postSolution
		{EE33070C-4801-4F41-BD3C-4DDF2CAA49F1}.Debug|Any CPU.ActiveCfg = Debug|Any CPU
		{EE33070C-4801-4F41-BD3C-4DDF2CAA49F1}.Debug|Any CPU.Build.0 = Debug|Any CPU
		{EE33070C-4801-4F41-BD3C-4DDF2CAA49F1}.Release|Any CPU.ActiveCfg = Release|Any CPU
		{EE33070C-4801-4F41-BD3C-4DDF2CAA49F1}.Release|Any CPU.Build.0 = Release|Any CPU
	EndGlobalSection
EndGlobal
